lockfileVersion: "9.0"

settings:
  autoInstallPeers: true
  excludeLinksFromLockfile: false

importers:
  .:
    devDependencies:
      "@aminda/global-prettier-config":
        specifier: latest
        version: 2026.26.0
      "@prettier/plugin-ruby":
        specifier: 4.0.4
        version: 4.0.4(prettier@3.8.4)
      "@prettier/plugin-xml":
        specifier: 3.4.2
        version: 3.4.2(prettier@3.8.4)
      corepack:
        specifier: latest
        version: 0.35.0
      prettier:
        specifier: 3.8.4
        version: 3.8.4
      prettier-plugin-nginx:
        specifier: 1.0.3
        version: 1.0.3
      prettier-plugin-sh:
        specifier: 0.18.1
        version: 0.18.1(prettier@3.8.4)
      prettier-plugin-toml:
        specifier: 2.0.6
        version: 2.0.6(prettier@3.8.4)

packages:
  "@aminda/global-prettier-config@2026.26.0":
    resolution:
      {
        integrity: sha512-Bs6uuUO5f5YBcr1pB0JFIV+pVA7TXgiQqyqdWvc9OV8E0rincZYsZo1LBuRNE3VpX3HzZq97hs1gc1kzlDcScg==,
      }

  "@prettier/plugin-ruby@4.0.4":
    resolution:
      {
        integrity: sha512-lCpvfS/dQU5WrwN3AQ5vR8qrvj2h5gE41X08NNzAAXvHdM4zwwGRcP2sHSxfu6n6No+ljWCVx95NvJPFTTjCTg==,
      }
    peerDependencies:
      prettier: ^3.0.0

  "@prettier/plugin-xml@3.4.2":
    resolution:
      {
        integrity: sha512-/UyNlHfkuLXG6Ed85KB0WBF283xn2yavR+UtRibBRUcvEJId2DSLdGXwJ/cDa1X++SWDPzq3+GSFniHjkNy7yg==,
      }
    peerDependencies:
      prettier: ^3.0.0

  "@reteps/dockerfmt-darwin-arm64@0.5.4":
    resolution:
      {
        integrity: sha512-urMqV+dQyvVI8/WrXwClX9e1PEyS35wFdwJjpZYmL09AkV4Io5U1oam8UBKK7jZk0+YsdF88ay6e86Kn6DIyQg==,
      }
    cpu: [arm64]
    os: [darwin]

  "@reteps/dockerfmt-darwin-x64@0.5.4":
    resolution:
      {
        integrity: sha512-fJORy6DFxbgDiMqxpLTPZlb5KUY0Vq0iR4NGnyKnuYZ9LdZUS508DK2kt/AJ87/jIKNV1qRG0JXG1Tc6xdvWjw==,
      }
    cpu: [x64]
    os: [darwin]

  "@reteps/dockerfmt-linux-arm64@0.5.4":
    resolution:
      {
        integrity: sha512-6pVakO06eXtDuvxy1Dnjs/gQyUoGGycle8PRSt5IFRwLi/AVaOQwfkfmW0WP8VH9wNUeti6BfJ3ksTn2G+XMxg==,
      }
    cpu: [arm64]
    os: [linux]

  "@reteps/dockerfmt-linux-x64@0.5.4":
    resolution:
      {
        integrity: sha512-OD6SIlUV1D4TgJoTui3FMBAZsGbTSPYsiT0BKhD6jMUcJb3GpFTa7dY9rL8rP9FUqfL7OTHVUGUOL4Rh64Olog==,
      }
    cpu: [x64]
    os: [linux]

  "@reteps/dockerfmt@0.5.4":
    resolution:
      {
        integrity: sha512-HEGgXVVOb+JtGUSSzXl/XPKFIZjMDTUoHarCjaQdkY+cb5M9K/O3b5xm+x0IPIk3SfHurbc0bSgcFsQlzjitxA==,
      }
    engines: { node: ^v12.20.0 || ^14.13.0 || >=16.0.0 }
    hasBin: true

  "@taplo/core@0.2.0":
    resolution:
      {
        integrity: sha512-r8bl54Zj1In3QLkiW/ex694bVzpPJ9EhwqT9xkcUVODnVUGirdB1JTsmiIv0o1uwqZiwhi8xNnTOQBRQCpizrQ==,
      }

  "@taplo/lib@0.5.0":
    resolution:
      {
        integrity: sha512-+xIqpQXJco3T+VGaTTwmhxLa51qpkQxCjRwezjFZgr+l21ExlywJFcDfTrNmL6lG6tqb0h8GyJKO3UPGPtSCWg==,
      }

  "@xml-tools/parser@1.0.11":
    resolution:
      {
        integrity: sha512-aKqQ077XnR+oQtHJlrAflaZaL7qZsulWc/i/ZEooar5JiWj1eLt0+Wg28cpa+XLney107wXqneC+oG1IZvxkTA==,
      }

  chevrotain@7.1.1:
    resolution:
      {
        integrity: sha512-wy3mC1x4ye+O+QkEinVJkPf5u2vsrDIYW9G7ZuwFl6v/Yu0LwUuT2POsb+NUWApebyxfkQq6+yDfRExbnI5rcw==,
      }

  corepack@0.35.0:
    resolution:
      {
        integrity: sha512-9BuIGHDFE7Zieor1CeRsvt7X7AJFEuJ6OnbSbsVprq83ChDFoBh1wP98NeUS9FT3ZwlzFllPElXcz/OiDf0YGw==,
      }
    engines: { node: ^22.22.2 || ^24.15.0 || >=26.0.0 }
    hasBin: true

  prettier-plugin-nginx@1.0.3:
    resolution:
      {
        integrity: sha512-vV5q85s8XnV6NEgvz1gVLfZhmxAxY03MyOYj2ApBpjFkbs00lRsRkTmqO9L39ADuD18z1RRCcfZ3eVxKhI/nqg==,
      }

  prettier-plugin-sh@0.18.1:
    resolution:
      {
        integrity: sha512-uZmU22wBMevjh3rmCatNQqiEer2+5KLa0xYCBX6zQQUQkcNzVL+s6FbPKK6ZSUNUbQk6jMAcQHrYPvuL2W6ihQ==,
      }
    engines: { node: ">=16.0.0" }
    peerDependencies:
      prettier: ^3.6.0

  prettier-plugin-toml@2.0.6:
    resolution:
      {
        integrity: sha512-12N/wBuHa9jd/KVy9pRP20NMKxQfQLMseQCt66lIbLaPLItvGUcSIryE1eZZMJ7loSws6Ig3M2Elc2EreNh76w==,
      }
    engines: { node: ">=16.0.0" }
    peerDependencies:
      prettier: ^3.0.3

  prettier@3.8.4:
    resolution:
      {
        integrity: sha512-N2MylSdi48+5N/6S5j+maeHbUSIzzZ5uOcX5Hm4QpV8Dkb1HFjfAKTKX6yNPJQD9AhcT3ifHNB66tWTTJDi11Q==,
      }
    engines: { node: ">=14" }
    hasBin: true

  regexp-to-ast@0.5.0:
    resolution:
      {
        integrity: sha512-tlbJqcMHnPKI9zSrystikWKwHkBqu2a/Sgw01h3zFjvYrMxEDYHzzoMZnUrbIfpTFEsoRnnviOXNCzFiSc54Qw==,
      }

  sh-syntax@0.5.8:
    resolution:
      {
        integrity: sha512-JfVoxf4FxQI5qpsPbkHhZo+n6N9YMJobyl4oGEUBb/31oQYlgTjkXQD8PBiafS2UbWoxrTO0Z5PJUBXEPAG1Zw==,
      }
    engines: { node: ">=16.0.0" }

  tslib@2.8.1:
    resolution:
      {
        integrity: sha512-oJFu94HQb+KVduSUQL7wnpmqnfmLsOA/nAh6b6EH0wCEoK0/mPeXU6c3wKDV83MkOuHPRHtSXKKU99IBazS/2w==,
      }

snapshots:
  "@aminda/global-prettier-config@2026.26.0":
    dependencies:
      "@prettier/plugin-ruby": 4.0.4(prettier@3.8.4)
      "@prettier/plugin-xml": 3.4.2(prettier@3.8.4)
      corepack: 0.35.0
      prettier: 3.8.4
      prettier-plugin-nginx: 1.0.3
      prettier-plugin-sh: 0.18.1(prettier@3.8.4)
      prettier-plugin-toml: 2.0.6(prettier@3.8.4)

  "@prettier/plugin-ruby@4.0.4(prettier@3.8.4)":
    dependencies:
      prettier: 3.8.4

  "@prettier/plugin-xml@3.4.2(prettier@3.8.4)":
    dependencies:
      "@xml-tools/parser": 1.0.11
      prettier: 3.8.4

  "@reteps/dockerfmt-darwin-arm64@0.5.4":
    optional: true

  "@reteps/dockerfmt-darwin-x64@0.5.4":
    optional: true

  "@reteps/dockerfmt-linux-arm64@0.5.4":
    optional: true

  "@reteps/dockerfmt-linux-x64@0.5.4":
    optional: true

  "@reteps/dockerfmt@0.5.4":
    optionalDependencies:
      "@reteps/dockerfmt-darwin-arm64": 0.5.4
      "@reteps/dockerfmt-darwin-x64": 0.5.4
      "@reteps/dockerfmt-linux-arm64": 0.5.4
      "@reteps/dockerfmt-linux-x64": 0.5.4

  "@taplo/core@0.2.0": {}

  "@taplo/lib@0.5.0":
    dependencies:
      "@taplo/core": 0.2.0

  "@xml-tools/parser@1.0.11":
    dependencies:
      chevrotain: 7.1.1

  chevrotain@7.1.1:
    dependencies:
      regexp-to-ast: 0.5.0

  corepack@0.35.0: {}

  prettier-plugin-nginx@1.0.3: {}

  prettier-plugin-sh@0.18.1(prettier@3.8.4):
    dependencies:
      "@reteps/dockerfmt": 0.5.4
      prettier: 3.8.4
      sh-syntax: 0.5.8

  prettier-plugin-toml@2.0.6(prettier@3.8.4):
    dependencies:
      "@taplo/lib": 0.5.0
      prettier: 3.8.4

  prettier@3.8.4: {}

  regexp-to-ast@0.5.0: {}

  sh-syntax@0.5.8:
    dependencies:
      tslib: 2.8.1

  tslib@2.8.1: {}
